// !$*UTF8*$!
{
	archiveVersion = 1;
	classes = {
	};
	objectVersion = 46;
	objects = {

/* Begin PBXBuildFile section */
		0E836D331C5A3E270029F75F /* main.m in Sources */ = {isa = PBXBuildFile; fileRef = 0E836D321C5A3E270029F75F /* main.m */; };
		0E836D361C5A3E270029F75F /* AppDelegate.m in Sources */ = {isa = PBXBuildFile; fileRef = 0E836D351C5A3E270029F75F /* AppDelegate.m */; };
		0E836D391C5A3E270029F75F /* ViewController.m in Sources */ = {isa = PBXBuildFile; fileRef = 0E836D381C5A3E270029F75F /* ViewController.m */; };
		0E836D3C1C5A3E270029F75F /* Main.storyboard in Resources */ = {isa = PBXBuildFile; fileRef = 0E836D3A1C5A3E270029F75F /* Main.storyboard */; };
		0E836D3E1C5A3E270029F75F /* Images.xcassets in Resources */ = {isa = PBXBuildFile; fileRef = 0E836D3D1C5A3E270029F75F /* Images.xcassets */; };
		0E836D411C5A3E270029F75F /* LaunchScreen.xib in Resources */ = {isa = PBXBuildFile; fileRef = 0E836D3F1C5A3E270029F75F /* LaunchScreen.xib */; };
		0E836D4D1C5A3E270029F75F /* testingforgitTests.m in Sources */ = {isa = PBXBuildFile; fileRef = 0E836D4C1C5A3E270029F75F /* testingforgitTests.m */; };
/* End PBXBuildFile section */

/* Begin PBXContainerItemProxy section */
		0E836D471C5A3E270029F75F /* PBXContainerItemProxy */ = {
			isa = PBXContainerItemProxy;
			containerPortal = 0E836D251C5A3E270029F75F /* Project object */;
			proxyType = 1;
			remoteGlobalIDString = 0E836D2C1C5A3E270029F75F;
			remoteInfo = testingforgit;
		};
/* End PBXContainerItemProxy section */

/* Begin PBXFileReference section */
		0E836D2D1C5A3E270029F75F /* testingforgit.app */ = {isa = PBXFileReference; explicitFileType = wrapper.application; includeInIndex = 0; path = testingforgit.app; sourceTree = BUILT_PRODUCTS_DIR; };
		0E836D311C5A3E270029F75F /* Info.plist */ = {isa = PBXFileReference; lastKnownFileType = text.plist.xml; path = Info.plist; sourceTree = "<group>"; };
		0E836D321C5A3E270029F75F /* main.m */ = {isa = PBXFileReference; lastKnownFileType = sourcecode.c.objc; path = main.m; sourceTree = "<group>"; };
		0E836D341C5A3E270029F75F /* AppDelegate.h */ = {isa = PBXFileReference; lastKnownFileType = sourcecode.c.h; path = AppDelegate.h; sourceTree = "<group>"; };
		0E836D351C5A3E270029F75F /* AppDelegate.m */ = {isa = PBXFileReference; lastKnownFileType = sourcecode.c.objc; path = AppDelegate.m; sourceTree = "<group>"; };
		0E836D371C5A3E270029F75F /* ViewController.h */ = {isa = PBXFileReference; lastKnownFileType = sourcecode.c.h; path = ViewController.h; sourceTree = "<group>"; };
		0E836D381C5A3E270029F75F /* ViewController.m */ = {isa = PBXFileReference; lastKnownFileType = sourcecode.c.objc; path = ViewController.m; sourceTree = "<group>"; };
		0E836D3B1C5A3E270029F75F /* Base */ = {isa = PBXFileReference; lastKnownFileType = file.storyboard; name = Base; path = Base.lproj/Main.storyboard; sourceTree = "<group>"; };
		0E836D3D1C5A3E270029F75F /* Images.xcassets */ = {isa = PBXFileReference; lastKnownFileType = folder.assetcatalog; path = Images.xcassets; sourceTree = "<group>"; };
		0E836D401C5A3E270029F75F /* Base */ = {isa = PBXFileReference; lastKnownFileType = file.xib; name = Base; path = Base.lproj/LaunchScreen.xib; sourceTree = "<group>"; };
		0E836D461C5A3E270029F75F /* testingforgitTests.xctest */ = {isa = PBXFileReference; explicitFileType = wrapper.cfbundle; includeInIndex = 0; path = testingforgitTests.xctest; sourceTree = BUILT_PRODUCTS_DIR; };
		0E836D4B1C5A3E270029F75F /* Info.plist */ = {isa = PBXFileReference; lastKnownFileType = text.plist.xml; path = Info.plist; sourceTree = "<group>"; };
		0E836D4C1C5A3E270029F75F /* testingforgitTests.m */ = {isa = PBXFileReference; lastKnownFileType = sourcecode.c.objc; path = testingforgitTests.m; sourceTree = "<group>"; };
/* End PBXFileReference section */

/* Begin PBXFrameworksBuildPhase section */
		0E836D2A1C5A3E270029F75F /* Frameworks */ = {
			isa = PBXFrameworksBuildPhase;
			buildActionMask = 2147483647;
			files = (
			);
			runOnlyForDeploymentPostprocessing = 0;
		};
		0E836D431C5A3E270029F75F /* Frameworks */ = {
			isa = PBXFrameworksBuildPhase;
			buildActionMask = 2147483647;
			files = (
			);
			runOnlyForDeploymentPostprocessing = 0;
		};
/* End PBXFrameworksBuildPhase section */

/* Begin PBXGroup section */
		0E836D241C5A3E270029F75F = {
			isa = PBXGroup;
			children = (
				0E836D2F1C5A3E270029F75F /* testingforgit */,
				0E836D491C5A3E270029F75F /* testingforgitTests */,
				0E836D2E1C5A3E270029F75F /* Products */,
			);
			sourceTree = "<group>";
		};
		0E836D2E1C5A3E270029F75F /* Products */ = {
			isa = PBXGroup;
			children = (
				0E836D2D1C5A3E270029F75F /* testingforgit.app */,
				0E836D461C5A3E270029F75F /* testingforgitTests.xctest */,
			);
			name = Products;
			sourceTree = "<group>";
		};
		0E836D2F1C5A3E270029F75F /* testingforgit */ = {
			isa = PBXGroup;
			children = (
				0E836D341C5A3E270029F75F /* AppDelegate.h */,
				0E836D351C5A3E270029F75F /* AppDelegate.m */,
				0E836D371C5A3E270029F75F /* ViewController.h */,
				0E836D381C5A3E270029F75F /* ViewController.m */,
				0E836D3A1C5A3E270029F75F /* Main.storyboard */,
				0E836D3D1C5A3E270029F75F /* Images.xcassets */,
				0E836D3F1C5A3E270029F75F /* LaunchScreen.xib */,
				0E836D301C5A3E270029F75F /* Supporting Files */,
			);
			path = testingforgit;
			sourceTree = "<group>";
		};
		0E836D301C5A3E270029F75F /* Supporting Files */ = {
			isa = PBXGroup;
			children = (
				0E836D311C5A3E270029F75F /* Info.plist */,
				0E836D321C5A3E270029F75F /* main.m */,
			);
			name = "Supporting Files";
			sourceTree = "<group>";
		};
		0E836D491C5A3E270029F75F /* testingforgitTests */ = {
			isa = PBXGroup;
			children = (
				0E836D4C1C5A3E270029F75F /* testingforgitTests.m */,
				0E836D4A1C5A3E270029F75F /* Supporting Files */,
			);
			path = testingforgitTests;
			sourceTree = "<group>";
		};
		0E836D4A1C5A3E270029F75F /* Supporting Files */ = {
			isa = PBXGroup;
			children = (
				0E836D4B1C5A3E270029F75F /* Info.plist */,
			);
			name = "Supporting Files";
			sourceTree = "<group>";
		};
/* End PBXGroup section */

/* Begin PBXNativeTarget section */
		0E836D2C1C5A3E270029F75F /* testingforgit */ = {
			isa = PBXNativeTarget;
			buildConfigurationList = 0E836D501C5A3E270029F75F /* Build configuration list for PBXNativeTarget "testingforgit" */;
			buildPhases = (
				0E836D291C5A3E270029F75F /* Sources */,
				0E836D2A1C5A3E270029F75F /* Frameworks */,
				0E836D2B1C5A3E270029F75F /* Resources */,
			);
			buildRules = (
			);
			dependencies = (
			);
			name = testingforgit;
			productName = testingforgit;
			productReference = 0E836D2D1C5A3E270029F75F /* testingforgit.app */;
			productType = "com.apple.product-type.application";
		};
		0E836D451C5A3E270029F75F /* testingforgitTests */ = {
			isa = PBXNativeTarget;
			buildConfigurationList = 0E836D531C5A3E270029F75F /* Build configuration list for PBXNativeTarget "testingforgitTests" */;
			buildPhases = (
				0E836D421C5A3E270029F75F /* Sources */,
				0E836D431C5A3E270029F75F /* Frameworks */,
				0E836D441C5A3E270029F75F /* Resources */,
			);
			buildRules = (
			);
			dependencies = (
				0E836D481C5A3E270029F75F /* PBXTargetDependency */,
			);
			name = testingforgitTests;
			productName = testingforgitTests;
			productReference = 0E836D461C5A3E270029F75F /* testingforgitTests.xctest */;
			productType = "com.apple.product-type.bundle.unit-test";
		};
/* End PBXNativeTarget section */

/* Begin PBXProject section */
		0E836D251C5A3E270029F75F /* Project object */ = {
			isa = PBXProject;
			attributes = {
				LastUpgradeCheck = 0610;
				ORGANIZATIONNAME = ParkhyaSolutions;
				TargetAttributes = {
					0E836D2C1C5A3E270029F75F = {
						CreatedOnToolsVersion = 6.1;
					};
					0E836D451C5A3E270029F75F = {
						CreatedOnToolsVersion = 6.1;
						TestTargetID = 0E836D2C1C5A3E270029F75F;
					};
				};
			};
			buildConfigurationList = 0E836D281C5A3E270029F75F /* Build configuration list for PBXProject "testingforgit" */;
			compatibilityVersion = "Xcode 3.2";
			developmentRegion = English;
			hasScannedForEncodings = 0;
			knownRegions = (
				en,
				Base,
			);
			mainGroup = 0E836D241C5A3E270029F75F;
			productRefGroup = 0E836D2E1C5A3E270029F75F /* Products */;
			projectDirPath = "";
			projectRoot = "";
			targets = (
				0E836D2C1C5A3E270029F75F /* testingforgit */,
				0E836D451C5A3E270029F75F /* testingforgitTests */,
			);
		};
/* End PBXProject section */

/* Begin PBXResourcesBuildPhase section */
		0E836D2B1C5A3E270029F75F /* Resources */ = {
			isa = PBXResourcesBuildPhase;
			buildActionMask = 2147483647;
			files = (
				0E836D3C1C5A3E270029F75F /* Main.storyboard in Resources */,
				0E836D411C5A3E270029F75F /* LaunchScreen.xib in Resources */,
				0E836D3E1C5A3E270029F75F /* Images.xcassets in Resources */,
			);
			runOnlyForDeploymentPostprocessing = 0;
		};
		0E836D441C5A3E270029F75F /* Resources */ = {
			isa = PBXResourcesBuildPhase;
			buildActionMask = 2147483647;
			files = (
			);
			runOnlyForDeploymentPostprocessing = 0;
		};
/* End PBXResourcesBuildPhase section */

/* Begin PBXSourcesBuildPhase section */
		0E836D291C5A3E270029F75F /* Sources */ = {
			isa = PBXSourcesBuildPhase;
			buildActionMask = 2147483647;
			files = (
				0E836D391C5A3E270029F75F /* ViewController.m in Sources */,
				0E836D361C5A3E270029F75F /* AppDelegate.m in Sources */,
				0E836D331C5A3E270029F75F /* main.m in Sources */,
			);
			runOnlyForDeploymentPostprocessing = 0;
		};
		0E836D421C5A3E270029F75F /* Sources */ = {
			isa = PBXSourcesBuildPhase;
			buildActionMask = 2147483647;
			files = (
				0E836D4D1C5A3E270029F75F /* testingforgitTests.m in Sources */,
			);
			runOnlyForDeploymentPostprocessing = 0;
		};
/* End PBXSourcesBuildPhase section */

/* Begin PBXTargetDependency section */
		0E836D481C5A3E270029F75F /* PBXTargetDependency */ = {
			isa = PBXTargetDependency;
			target = 0E836D2C1C5A3E270029F75F /* testingforgit */;
			targetProxy = 0E836D471C5A3E270029F75F /* PBXContainerItemProxy */;
		};
/* End PBXTargetDependency section */

/* Begin PBXVariantGroup section */
		0E836D3A1C5A3E270029F75F /* Main.storyboard */ = {
			isa = PBXVariantGroup;
			children = (
				0E836D3B1C5A3E270029F75F /* Base */,
			);
			name = Main.storyboard;
			sourceTree = "<group>";
		};
		0E836D3F1C5A3E270029F75F /* LaunchScreen.xib */ = {
			isa = PBXVariantGroup;
			children = (
				0E836D401C5A3E270029F75F /* Base */,
			);
			name = LaunchScreen.xib;
			sourceTree = "<group>";
		};
/* End PBXVariantGroup section */

/* Begin XCBuildConfiguration section */
		0E836D4E1C5A3E270029F75F /* Debug */ = {
			isa = XCBuildConfiguration;
			buildSettings = {
				ALWAYS_SEARCH_USER_PATHS = NO;
				CLANG_CXX_LANGUAGE_STANDARD = "gnu++0x";
				CLANG_CXX_LIBRARY = "libc++";
				CLANG_ENABLE_MODULES = YES;
				CLANG_ENABLE_OBJC_ARC = YES;
				CLANG_WARN_BOOL_CONVERSION = YES;
				CLANG_WARN_CONSTANT_CONVERSION = YES;
				CLANG_WARN_DIRECT_OBJC_ISA_USAGE = YES_ERROR;
				CLANG_WARN_EMPTY_BODY = YES;
				CLANG_WARN_ENUM_CONVERSION = YES;
				CLANG_WARN_INT_CONVERSION = YES;
				CLANG_WARN_OBJC_ROOT_CLASS = YES_ERROR;
				CLANG_WARN_UNREACHABLE_CODE = YES;
				CLANG_WARN__DUPLICATE_METHOD_MATCH = YES;
				"CODE_SIGN_IDENTITY[sdk=iphoneos*]" = "iPhone Developer";
				COPY_PHASE_STRIP = NO;
				ENABLE_STRICT_OBJC_MSGSEND = YES;
				GCC_C_LANGUAGE_STANDARD = gnu99;
				GCC_DYNAMIC_NO_PIC = NO;
				GCC_OPTIMIZATION_LEVEL = 0;
				GCC_PREPROCESSOR_DEFINITIONS = (
					"DEBUG=1",
					"$(inherited)",
				);
				GCC_SYMBOLS_PRIVATE_EXTERN = NO;
				GCC_WARN_64_TO_32_BIT_CONVERSION = YES;
				GCC_WARN_ABOUT_RETURN_TYPE = YES_ERROR;
				GCC_WARN_UNDECLARED_SELECTOR = YES;
				GCC_WARN_UNINITIALIZED_AUTOS = YES_AGGRESSIVE;
				GCC_WARN_UNUSED_FUNCTION = YES;
				GCC_WARN_UNUSED_VARIABLE = YES;
				IPHONEOS_DEPLOYMENT_TARGET = 8.1;
				MTL_ENABLE_DEBUG_INFO = YES;
				ONLY_ACTIVE_ARCH = YES;
				SDKROOT = iphoneos;
			};
			name = Debug;
		};
		0E836D4F1C5A3E270029F75F /* Release */ = {
			isa = XCBuildConfiguration;
			buildSettings = {
				ALWAYS_SEARCH_USER_PATHS = NO;
				CLANG_CXX_LANGUAGE_STANDARD = "gnu++0x";
				CLANG_CXX_LIBRARY = "libc++";
				CLANG_ENABLE_MODULES = YES;
				CLANG_ENABLE_OBJC_ARC = YES;
				CLANG_WARN_BOOL_CONVERSION = YES;
				CLANG_WARN_CONSTANT_CONVERSION = YES;
				CLANG_WARN_DIRECT_OBJC_ISA_USAGE = YES_ERROR;
				CLANG_WARN_EMPTY_BODY = YES;
				CLANG_WARN_ENUM_CONVERSION = YES;
				CLANG_WARN_INT_CONVERSION = YES;
				CLANG_WARN_OBJC_ROOT_CLASS = YES_ERROR;
				CLANG_WARN_UNREACHABLE_CODE = YES;
				CLANG_WARN__DUPLICATE_METHOD_MATCH = YES;
				"CODE_SIGN_IDENTITY[sdk=iphoneos*]" = "iPhone Developer";
				COPY_PHASE_STRIP = YES;
				ENABLE_NS_ASSERTIONS = NO;
				ENABLE_STRICT_OBJC_MSGSEND = YES;
				GCC_C_LANGUAGE_STANDARD = gnu99;
				GCC_WARN_64_TO_32_BIT_CONVERSION = YES;
				GCC_WARN_ABOUT_RETURN_TYPE = YES_ERROR;
				GCC_WARN_UNDECLARED_SELECTOR = YES;
				GCC_WARN_UNINITIALIZED_AUTOS = YES_AGGRESSIVE;
				GCC_WARN_UNUSED_FUNCTION = YES;
				GCC_WARN_UNUSED_VARIABLE = YES;
				IPHONEOS_DEPLOYMENT_TARGET = 8.1;
				MTL_ENABLE_DEBUG_INFO = NO;
				SDKROOT = iphoneos;
				VALIDATE_PRODUCT = YES;
			};
			name = Release;
		};
		0E836D511C5A3E270029F75F /* Debug */ = {
			isa = XCBuildConfiguration;
			buildSettings = {
				ASSETCATALOG_COMPILER_APPICON_NAME = AppIcon;
				INFOPLIST_FILE = testingforgit/Info.plist;
				LD_RUNPATH_SEARCH_PATHS = "$(inherited) @executable_path/Frameworks";
				PRODUCT_NAME = "$(TARGET_NAME)";
			};
			name = Debug;
		};
		0E836D521C5A3E270029F75F /* Release */ = {
			isa = XCBuildConfiguration;
			buildSettings = {
				ASSETCATALOG_COMPILER_APPICON_NAME = AppIcon;
				INFOPLIST_FILE = testingforgit/Info.plist;
				LD_RUNPATH_SEARCH_PATHS = "$(inherited) @executable_path/Frameworks";
				PRODUCT_NAME = "$(TARGET_NAME)";
			};
			name = Release;
		};
		0E836D541C5A3E270029F75F /* Debug */ = {
			isa = XCBuildConfiguration;
			buildSettings = {
				BUNDLE_LOADER = "$(TEST_HOST)";
				FRAMEWORK_SEARCH_PATHS = (
					"$(SDKROOT)/Developer/Library/Frameworks",
					"$(inherited)",
				);
				GCC_PREPROCESSOR_DEFINITIONS = (
					"DEBUG=1",
					"$(inherited)",
				);
				INFOPLIST_FILE = testingforgitTests/Info.plist;
				LD_RUNPATH_SEARCH_PATHS = "$(inherited) @executable_path/Frameworks @loader_path/Frameworks";
				PRODUCT_NAME = "$(TARGET_NAME)";
				TEST_HOST = "$(BUILT_PRODUCTS_DIR)/testingforgit.app/testingforgit";
			};
			name = Debug;
		};
		0E836D551C5A3E270029F75F /* Release */ = {
			isa = XCBuildConfiguration;
			buildSettings = {
				BUNDLE_LOADER = "$(TEST_HOST)";
				FRAMEWORK_SEARCH_PATHS = (
					"$(SDKROOT)/Developer/Library/Frameworks",
					"$(inherited)",
				);
				INFOPLIST_FILE = testingforgitTests/Info.plist;
				LD_RUNPATH_SEARCH_PATHS = "$(inherited) @executable_path/Frameworks @loader_path/Frameworks";
				PRODUCT_NAME = "$(TARGET_NAME)";
				TEST_HOST = "$(BUILT_PRODUCTS_DIR)/testingforgit.app/testingforgit";
			};
			name = Release;
		};
/* End XCBuildConfiguration section */

/* Begin XCConfigurationList section */
		0E836D281C5A3E270029F75F /* Build configuration list for PBXProject "testingforgit" */ = {
			isa = XCConfigurationList;
			buildConfigurations = (
				0E836D4E1C5A3E270029F75F /* Debug */,
				0E836D4F1C5A3E270029F75F /* Release */,
			);
			defaultConfigurationIsVisible = 0;
			defaultConfigurationName = Release;
		};
		0E836D501C5A3E270029F75F /* Build configuration list for PBXNativeTarget "testingforgit" */ = {
			isa = XCConfigurationList;
			buildConfigurations = (
				0E836D511C5A3E270029F75F /* Debug */,
				0E836D521C5A3E270029F75F /* Release */,
			);
			defaultConfigurationIsVisible = 0;
		};
		0E836D531C5A3E270029F75F /* Build configuration list for PBXNativeTarget "testingforgitTests" */ = {
			isa = XCConfigurationList;
			buildConfigurations = (
				0E836D541C5A3E270029F75F /* Debug */,
				0E836D551C5A3E270029F75F /* Release */,
			);
			defaultConfigurationIsVisible = 0;
		};
/* End XCConfigurationList section */
	};
	rootObject = 0E836D251C5A3E270029F75F /* Project object */;
}
